
Microsoft Visual Studio Solution File, Format Version 12.00
# Visual Studio Version 16
VisualStudioVersion = 16.0.32428.217
MinimumVisualStudioVersion = 10.0.40219.1
Project("{FAE04EC0-301F-11D3-BF4B-00C04F79EFBC}") = "Testt_Petroll", "Testt_Petroll\Testt_Petroll.csproj", "{4C598DB6-6DA1-4478-BB6E-D9AC747BFEB4}"
EndProject
Global
	GlobalSection(SolutionConfigurationPlatforms) = preSolution
		Debug|Any CPU = Debug|Any CPU
		Release|Any CPU = Release|Any CPU
	EndGlobalSection
	GlobalSection(ProjectConfigurationPlatforms) = postSolution
		{4C598DB6-6DA1-4478-BB6E-D9AC747BFEB4}.Debug|Any CPU.ActiveCfg = Debug|Any CPU
		{4C598DB6-6DA1-4478-BB6E-D9AC747BFEB4}.Debug|Any CPU.Build.0 = Debug|Any CPU
		{4C598DB6-6DA1-4478-BB6E-D9AC747BFEB4}.Release|Any CPU.ActiveCfg = Release|Any CPU
		{4C598DB6-6DA1-4478-BB6E-D9AC747BFEB4}.Release|Any CPU.Build.0 = Release|Any CPU
	EndGlobalSection
	GlobalSection(SolutionProperties) = preSolution
		HideSolutionNode = FALSE
	EndGlobalSection
	GlobalSection(ExtensibilityGlobals) = postSolution
		SolutionGuid = {F31BAF44-575A-4065-AB5B-9F6ECE49EF55}
	EndGlobalSection
EndGlobal
